
Microsoft Visual Studio Solution File, Format Version 12.00
# Visual Studio Version 16
VisualStudioVersion = 16.0.30114.105
MinimumVisualStudioVersion = 10.0.40219.1
Project("{F2A71F9B-5D33-465A-A702-920D77279786}") = "UrlShortener", "UrlShortener\UrlShortener.fsproj", "{286E7567-F2A2-4D45-AC76-8A2CCFEC8FC8}"
EndProject
Project("{F2A71F9B-5D33-465A-A702-920D77279786}") = "UrlShortener.Tests", "UrlShortener.Tests\UrlShortener.Tests.fsproj", "{F0DA1345-AF11-4896-9779-00F9B59DB3F6}"
EndProject
Global
	GlobalSection(SolutionConfigurationPlatforms) = preSolution
		Debug|Any CPU = Debug|Any CPU
		Release|Any CPU = Release|Any CPU
	EndGlobalSection
	GlobalSection(SolutionProperties) = preSolution
		HideSolutionNode = FALSE
	EndGlobalSection
	GlobalSection(ProjectConfigurationPlatforms) = postSolution
		{286E7567-F2A2-4D45-AC76-8A2CCFEC8FC8}.Debug|Any CPU.ActiveCfg = Debug|Any CPU
		{286E7567-F2A2-4D45-AC76-8A2CCFEC8FC8}.Debug|Any CPU.Build.0 = Debug|Any CPU
		{286E7567-F2A2-4D45-AC76-8A2CCFEC8FC8}.Release|Any CPU.ActiveCfg = Release|Any CPU
		{286E7567-F2A2-4D45-AC76-8A2CCFEC8FC8}.Release|Any CPU.Build.0 = Release|Any CPU
		{F0DA1345-AF11-4896-9779-00F9B59DB3F6}.Debug|Any CPU.ActiveCfg = Debug|Any CPU
		{F0DA1345-AF11-4896-9779-00F9B59DB3F6}.Debug|Any CPU.Build.0 = Debug|Any CPU
		{F0DA1345-AF11-4896-9779-00F9B59DB3F6}.Release|Any CPU.ActiveCfg = Release|Any CPU
		{F0DA1345-AF11-4896-9779-00F9B59DB3F6}.Release|Any CPU.Build.0 = Release|Any CPU
	EndGlobalSection
EndGlobal
